
Microsoft Visual Studio Solution File, Format Version 12.00
# Visual Studio Version 17
VisualStudioVersion = 17.5.33424.131
MinimumVisualStudioVersion = 10.0.40219.1
Project("{FAE04EC0-301F-11D3-BF4B-00C04F79EFBC}") = "v0518", "v0518\v0518.csproj", "{BB17D501-1E02-4278-AAEC-55750AEA067B}"
EndProject
Global
	GlobalSection(SolutionConfigurationPlatforms) = preSolution
		Debug|Any CPU = Debug|Any CPU
		Release|Any CPU = Release|Any CPU
	EndGlobalSection
	GlobalSection(ProjectConfigurationPlatforms) = postSolution
		{BB17D501-1E02-4278-AAEC-55750AEA067B}.Debug|Any CPU.ActiveCfg = Debug|Any CPU
		{BB17D501-1E02-4278-AAEC-55750AEA067B}.Debug|Any CPU.Build.0 = Debug|Any CPU
		{BB17D501-1E02-4278-AAEC-55750AEA067B}.Release|Any CPU.ActiveCfg = Release|Any CPU
		{BB17D501-1E02-4278-AAEC-55750AEA067B}.Release|Any CPU.Build.0 = Release|Any CPU
	EndGlobalSection
	GlobalSection(SolutionProperties) = preSolution
		HideSolutionNode = FALSE
	EndGlobalSection
	GlobalSection(ExtensibilityGlobals) = postSolution
		SolutionGuid = {8CC2B9F2-126F-44A7-B877-925706FFA719}
	EndGlobalSection
EndGlobal
